
Microsoft Visual Studio Solution File, Format Version 12.00
# Visual Studio Version 17
VisualStudioVersion = 17.6.33717.318
MinimumVisualStudioVersion = 10.0.40219.1
Project("{FAE04EC0-301F-11D3-BF4B-00C04F79EFBC}") = "Server", "Server\Server.csproj", "{E4CF9565-9E44-4353-8057-07EB0A7A69A1}"
EndProject
Global
	GlobalSection(SolutionConfigurationPlatforms) = preSolution
		Debug|Any CPU = Debug|Any CPU
		Release|Any CPU = Release|Any CPU
	EndGlobalSection
	GlobalSection(ProjectConfigurationPlatforms) = postSolution
		{E4CF9565-9E44-4353-8057-07EB0A7A69A1}.Debug|Any CPU.ActiveCfg = Debug|Any CPU
		{E4CF9565-9E44-4353-8057-07EB0A7A69A1}.Debug|Any CPU.Build.0 = Debug|Any CPU
		{E4CF9565-9E44-4353-8057-07EB0A7A69A1}.Release|Any CPU.ActiveCfg = Release|Any CPU
		{E4CF9565-9E44-4353-8057-07EB0A7A69A1}.Release|Any CPU.Build.0 = Release|Any CPU
	EndGlobalSection
	GlobalSection(SolutionProperties) = preSolution
		HideSolutionNode = FALSE
	EndGlobalSection
	GlobalSection(ExtensibilityGlobals) = postSolution
		SolutionGuid = {4F9E1B8F-E578-4A6A-96B2-7D6C0E0904EA}
	EndGlobalSection
EndGlobal
